
Microsoft Visual Studio Solution File, Format Version 12.00
# Visual Studio Version 16
VisualStudioVersion = 16.0.30204.135
MinimumVisualStudioVersion = 10.0.40219.1
Project("{FAE04EC0-301F-11D3-BF4B-00C04F79EFBC}") = "GetGitRepo", "GetGitRepo\GetGitRepo.csproj", "{55D8DBEF-DCFA-47F0-BC6C-E11C8A74D4FE}"
EndProject
Global
	GlobalSection(SolutionConfigurationPlatforms) = preSolution
		Debug|Any CPU = Debug|Any CPU
		Release|Any CPU = Release|Any CPU
	EndGlobalSection
	GlobalSection(ProjectConfigurationPlatforms) = postSolution
		{55D8DBEF-DCFA-47F0-BC6C-E11C8A74D4FE}.Debug|Any CPU.ActiveCfg = Debug|Any CPU
		{55D8DBEF-DCFA-47F0-BC6C-E11C8A74D4FE}.Debug|Any CPU.Build.0 = Debug|Any CPU
		{55D8DBEF-DCFA-47F0-BC6C-E11C8A74D4FE}.Release|Any CPU.ActiveCfg = Release|Any CPU
		{55D8DBEF-DCFA-47F0-BC6C-E11C8A74D4FE}.Release|Any CPU.Build.0 = Release|Any CPU
	EndGlobalSection
	GlobalSection(SolutionProperties) = preSolution
		HideSolutionNode = FALSE
	EndGlobalSection
	GlobalSection(ExtensibilityGlobals) = postSolution
		SolutionGuid = {E496771C-F480-4046-A2F5-D696BE95B6CA}
	EndGlobalSection
EndGlobal
